<?xml version="1.0" encoding="utf-8"?>
<Project ToolsVersion="4.0" xmlns="http://schemas.microsoft.com/developer/msbuild/2003">
  <ItemGroup>
    <Filter Include="Source Files">
      <UniqueIdentifier>{4FC737F1-C7A5-4376-A066-2A32D752A2FF}</UniqueIdentifier>
      <Extensions>cpp;c;cc;cxx;def;odl;idl;hpj;bat;asm;asmx</Extensions>
    </Filter>
    <Filter Include="Header Files">
      <UniqueIdentifier>{93995380-89BD-4b04-88EB-625FBE52EBFB}</UniqueIdentifier>
      <Extensions>h;hpp;hxx;hm;inl;inc;xsd</Extensions>
    </Filter>
    <Filter Include="Resource Files">
      <UniqueIdentifier>{67DA6AB6-F800-4c08-8B7A-83BB121AAD01}</UniqueIdentifier>
      <Extensions>rc;ico;cur;bmp;dlg;rc2;rct;bin;rgs;gif;jpg;jpeg;jpe;resx;tiff;tif;png;wav</Extensions>
    </Filter>
  </ItemGroup>
  <ItemGroup>
    <ClCompile Include="AboutDialog.cpp">
      <Filter>Source Files</Filter>
    </ClCompile>
    <ClCompile Include="ComSettingDialog.cpp">
      <Filter>Source Files</Filter>
    </ClCompile>
    <ClCompile Include="DumpViewApp.cpp">
      <Filter>Source Files</Filter>
    </ClCompile>
    <ClCompile Include="DumpViewFrame.cpp">
      <Filter>Source Files</Filter>
    </ClCompile>
    <ClCompile Include="FileExistDialog.cpp">
      <Filter>Source Files</Filter>
    </ClCompile>
    <ClCompile Include="GuidTranslator.cpp">
      <Filter>Source Files</Filter>
    </ClCompile>
    <ClCompile Include="LoadGuidDefDialog.cpp">
      <Filter>Source Files</Filter>
    </ClCompile>
    <ClCompile Include="LogDirDialog.cpp">
      <Filter>Source Files</Filter>
    </ClCompile>
    <ClCompile Include="MonitorThread.cpp">
      <Filter>Source Files</Filter>
    </ClCompile>
    <ClCompile Include="OutputBoxMouseHandler.cpp">
      <Filter>Source Files</Filter>
    </ClCompile>
  </ItemGroup>
  <ItemGroup>
    <ClInclude Include="AboutDialog.h">
      <Filter>Header Files</Filter>
    </ClInclude>
    <ClInclude Include="ComPortSetting.h">
      <Filter>Header Files</Filter>
    </ClInclude>
    <ClInclude Include="ComSettingDialog.h">
      <Filter>Header Files</Filter>
    </ClInclude>
    <ClInclude Include="DumpViewApp.h">
      <Filter>Header Files</Filter>
    </ClInclude>
    <ClInclude Include="DumpViewFrame.h">
      <Filter>Header Files</Filter>
    </ClInclude>
    <ClInclude Include="FileExistDialog.h">
      <Filter>Header Files</Filter>
    </ClInclude>
    <ClInclude Include="GuidTranslator.h">
      <Filter>Header Files</Filter>
    </ClInclude>
    <ClInclude Include="LoadGuidDefDialog.h">
      <Filter>Header Files</Filter>
    </ClInclude>
    <ClInclude Include="LogDirDialog.h">
      <Filter>Header Files</Filter>
    </ClInclude>
    <ClInclude Include="MonitorThread.h">
      <Filter>Header Files</Filter>
    </ClInclude>
    <ClInclude Include="OutputBoxMouseHandler.h">
      <Filter>Header Files</Filter>
    </ClInclude>
    <ClInclude Include="version.h">
      <Filter>Header Files</Filter>
    </ClInclude>
  </ItemGroup>
  <ItemGroup>
    <ResourceCompile Include="resource.rc">
      <Filter>Resource Files</Filter>
    </ResourceCompile>
  </ItemGroup>
  <ItemGroup>
    <None Include="ReadMe.txt" />
  </ItemGroup>
</Project>